
Microsoft Visual Studio Solution File, Format Version 12.00
# Visual Studio Version 16
VisualStudioVersion = 16.0.30204.135
MinimumVisualStudioVersion = 10.0.40219.1
Project("{FAE04EC0-301F-11D3-BF4B-00C04F79EFBC}") = "WRD_Sploit", "WRD_Sploit\WRD_Sploit.csproj", "{405BC668-CE07-4DBC-946C-71B4E2848C8C}"
EndProject
Global
	GlobalSection(SolutionConfigurationPlatforms) = preSolution
		Debug|Any CPU = Debug|Any CPU
		Release|Any CPU = Release|Any CPU
	EndGlobalSection
	GlobalSection(ProjectConfigurationPlatforms) = postSolution
		{405BC668-CE07-4DBC-946C-71B4E2848C8C}.Debug|Any CPU.ActiveCfg = Debug|Any CPU
		{405BC668-CE07-4DBC-946C-71B4E2848C8C}.Debug|Any CPU.Build.0 = Debug|Any CPU
		{405BC668-CE07-4DBC-946C-71B4E2848C8C}.Release|Any CPU.ActiveCfg = Release|Any CPU
		{405BC668-CE07-4DBC-946C-71B4E2848C8C}.Release|Any CPU.Build.0 = Release|Any CPU
	EndGlobalSection
	GlobalSection(SolutionProperties) = preSolution
		HideSolutionNode = FALSE
	EndGlobalSection
	GlobalSection(ExtensibilityGlobals) = postSolution
		SolutionGuid = {F93BE872-3451-42DB-9A3E-E4E97700A834}
	EndGlobalSection
EndGlobal
